
Microsoft Visual Studio Solution File, Format Version 12.00
# Visual Studio 14
VisualStudioVersion = 14.0.23107.0
MinimumVisualStudioVersion = 10.0.40219.1
Project("{FAE04EC0-301F-11D3-BF4B-00C04F79EFBC}") = "Sentry", "Sentry\Sentry.csproj", "{EABC1132-32EA-4A2C-8129-60E20B74A546}"
EndProject
Project("{FAE04EC0-301F-11D3-BF4B-00C04F79EFBC}") = "Sentry.Tests", "Sentry.Tests\Sentry.Tests.csproj", "{940D3766-9DF2-4448-AB66-C3F71EC044B3}"
EndProject
Project("{FAE04EC0-301F-11D3-BF4B-00C04F79EFBC}") = "Sentry.Tests.EndToEnd", "Sentry.Tests.EndToEnd\Sentry.Tests.EndToEnd.csproj", "{909AD16B-5C49-4E57-BC77-96448732595A}"
EndProject
Project("{2150E333-8FDC-42A3-9474-1A3956D46DE8}") = "Watchers", "Watchers", "{A2DFC5AE-3A65-4723-9B32-5FD5B2586606}"
EndProject
Project("{2150E333-8FDC-42A3-9474-1A3956D46DE8}") = "Tests", "Tests", "{6391CE0E-3081-4C81-8335-677F2386783F}"
EndProject
Project("{2150E333-8FDC-42A3-9474-1A3956D46DE8}") = "Examples", "Examples", "{F87D6A46-C118-4B43-B2CE-A9CF082AF1AB}"
EndProject
Project("{FAE04EC0-301F-11D3-BF4B-00C04F79EFBC}") = "Sentry.Examples.Console", "Sentry.Examples.Console\Sentry.Examples.Console.csproj", "{92F2FBC7-5A0C-44BE-9325-744FE2CD1574}"
EndProject
Project("{FAE04EC0-301F-11D3-BF4B-00C04F79EFBC}") = "Sentry.Examples.WindowsService", "Sentry.Examples.WindowsService\Sentry.Examples.WindowsService.csproj", "{F86BEBB3-D560-4A00-A2FB-4FC91476169E}"
EndProject
Project("{FAE04EC0-301F-11D3-BF4B-00C04F79EFBC}") = "Sentry.Watchers.MsSql", "Sentry.Watchers.MsSql\Sentry.Watchers.MsSql.csproj", "{5ED102ED-B897-4B97-AE8C-A1E4AA37CCFC}"
EndProject
Project("{FAE04EC0-301F-11D3-BF4B-00C04F79EFBC}") = "Sentry.Watchers.MongoDb", "Sentry.Watchers.MongoDb\Sentry.Watchers.MongoDb.csproj", "{C9C8420E-6A1F-4B9D-BB38-291D6F7E0467}"
EndProject
Project("{FAE04EC0-301F-11D3-BF4B-00C04F79EFBC}") = "Sentry.Watchers.Web", "Sentry.Watchers.Web\Sentry.Watchers.Web.csproj", "{D372FDD0-C172-4486-B8BE-1BCF33DBAFF9}"
EndProject
Project("{FAE04EC0-301F-11D3-BF4B-00C04F79EFBC}") = "Sentry.Watchers.Redis", "Sentry.Watchers.Redis\Sentry.Watchers.Redis.csproj", "{866489F8-7CFA-40CD-9BF7-4990FC97D383}"
EndProject
Project("{2150E333-8FDC-42A3-9474-1A3956D46DE8}") = "Integrations", "Integrations", "{92982777-8F88-4ACC-BD01-D1AA051E0190}"
EndProject
Project("{FAE04EC0-301F-11D3-BF4B-00C04F79EFBC}") = "Sentry.Integrations.SendGrid", "Sentry.Integrations.SendGrid\Sentry.Integrations.SendGrid.csproj", "{C432ACAE-0393-4756-AD72-155FAE0C974D}"
EndProject
Global
	GlobalSection(SolutionConfigurationPlatforms) = preSolution
		Debug|Any CPU = Debug|Any CPU
		Release|Any CPU = Release|Any CPU
	EndGlobalSection
	GlobalSection(ProjectConfigurationPlatforms) = postSolution
		{EABC1132-32EA-4A2C-8129-60E20B74A546}.Debug|Any CPU.ActiveCfg = Debug|Any CPU
		{EABC1132-32EA-4A2C-8129-60E20B74A546}.Debug|Any CPU.Build.0 = Debug|Any CPU
		{EABC1132-32EA-4A2C-8129-60E20B74A546}.Release|Any CPU.ActiveCfg = Release|Any CPU
		{EABC1132-32EA-4A2C-8129-60E20B74A546}.Release|Any CPU.Build.0 = Release|Any CPU
		{940D3766-9DF2-4448-AB66-C3F71EC044B3}.Debug|Any CPU.ActiveCfg = Debug|Any CPU
		{940D3766-9DF2-4448-AB66-C3F71EC044B3}.Debug|Any CPU.Build.0 = Debug|Any CPU
		{940D3766-9DF2-4448-AB66-C3F71EC044B3}.Release|Any CPU.ActiveCfg = Release|Any CPU
		{940D3766-9DF2-4448-AB66-C3F71EC044B3}.Release|Any CPU.Build.0 = Release|Any CPU
		{909AD16B-5C49-4E57-BC77-96448732595A}.Debug|Any CPU.ActiveCfg = Debug|Any CPU
		{909AD16B-5C49-4E57-BC77-96448732595A}.Debug|Any CPU.Build.0 = Debug|Any CPU
		{909AD16B-5C49-4E57-BC77-96448732595A}.Release|Any CPU.ActiveCfg = Release|Any CPU
		{909AD16B-5C49-4E57-BC77-96448732595A}.Release|Any CPU.Build.0 = Release|Any CPU
		{92F2FBC7-5A0C-44BE-9325-744FE2CD1574}.Debug|Any CPU.ActiveCfg = Debug|Any CPU
		{92F2FBC7-5A0C-44BE-9325-744FE2CD1574}.Debug|Any CPU.Build.0 = Debug|Any CPU
		{92F2FBC7-5A0C-44BE-9325-744FE2CD1574}.Release|Any CPU.ActiveCfg = Release|Any CPU
		{92F2FBC7-5A0C-44BE-9325-744FE2CD1574}.Release|Any CPU.Build.0 = Release|Any CPU
		{F86BEBB3-D560-4A00-A2FB-4FC91476169E}.Debug|Any CPU.ActiveCfg = Debug|Any CPU
		{F86BEBB3-D560-4A00-A2FB-4FC91476169E}.Debug|Any CPU.Build.0 = Debug|Any CPU
		{F86BEBB3-D560-4A00-A2FB-4FC91476169E}.Release|Any CPU.ActiveCfg = Release|Any CPU
		{F86BEBB3-D560-4A00-A2FB-4FC91476169E}.Release|Any CPU.Build.0 = Release|Any CPU
		{5ED102ED-B897-4B97-AE8C-A1E4AA37CCFC}.Debug|Any CPU.ActiveCfg = Debug|Any CPU
		{5ED102ED-B897-4B97-AE8C-A1E4AA37CCFC}.Debug|Any CPU.Build.0 = Debug|Any CPU
		{5ED102ED-B897-4B97-AE8C-A1E4AA37CCFC}.Release|Any CPU.ActiveCfg = Release|Any CPU
		{5ED102ED-B897-4B97-AE8C-A1E4AA37CCFC}.Release|Any CPU.Build.0 = Release|Any CPU
		{C9C8420E-6A1F-4B9D-BB38-291D6F7E0467}.Debug|Any CPU.ActiveCfg = Debug|Any CPU
		{C9C8420E-6A1F-4B9D-BB38-291D6F7E0467}.Debug|Any CPU.Build.0 = Debug|Any CPU
		{C9C8420E-6A1F-4B9D-BB38-291D6F7E0467}.Release|Any CPU.ActiveCfg = Release|Any CPU
		{C9C8420E-6A1F-4B9D-BB38-291D6F7E0467}.Release|Any CPU.Build.0 = Release|Any CPU
		{D372FDD0-C172-4486-B8BE-1BCF33DBAFF9}.Debug|Any CPU.ActiveCfg = Debug|Any CPU
		{D372FDD0-C172-4486-B8BE-1BCF33DBAFF9}.Debug|Any CPU.Build.0 = Debug|Any CPU
		{D372FDD0-C172-4486-B8BE-1BCF33DBAFF9}.Release|Any CPU.ActiveCfg = Release|Any CPU
		{D372FDD0-C172-4486-B8BE-1BCF33DBAFF9}.Release|Any CPU.Build.0 = Release|Any CPU
		{866489F8-7CFA-40CD-9BF7-4990FC97D383}.Debug|Any CPU.ActiveCfg = Debug|Any CPU
		{866489F8-7CFA-40CD-9BF7-4990FC97D383}.Debug|Any CPU.Build.0 = Debug|Any CPU
		{866489F8-7CFA-40CD-9BF7-4990FC97D383}.Release|Any CPU.ActiveCfg = Release|Any CPU
		{866489F8-7CFA-40CD-9BF7-4990FC97D383}.Release|Any CPU.Build.0 = Release|Any CPU
		{C432ACAE-0393-4756-AD72-155FAE0C974D}.Debug|Any CPU.ActiveCfg = Debug|Any CPU
		{C432ACAE-0393-4756-AD72-155FAE0C974D}.Debug|Any CPU.Build.0 = Debug|Any CPU
		{C432ACAE-0393-4756-AD72-155FAE0C974D}.Release|Any CPU.ActiveCfg = Release|Any CPU
		{C432ACAE-0393-4756-AD72-155FAE0C974D}.Release|Any CPU.Build.0 = Release|Any CPU
	EndGlobalSection
	GlobalSection(SolutionProperties) = preSolution
		HideSolutionNode = FALSE
	EndGlobalSection
	GlobalSection(NestedProjects) = preSolution
		{940D3766-9DF2-4448-AB66-C3F71EC044B3} = {6391CE0E-3081-4C81-8335-677F2386783F}
		{909AD16B-5C49-4E57-BC77-96448732595A} = {6391CE0E-3081-4C81-8335-677F2386783F}
		{92F2FBC7-5A0C-44BE-9325-744FE2CD1574} = {F87D6A46-C118-4B43-B2CE-A9CF082AF1AB}
		{F86BEBB3-D560-4A00-A2FB-4FC91476169E} = {F87D6A46-C118-4B43-B2CE-A9CF082AF1AB}
		{5ED102ED-B897-4B97-AE8C-A1E4AA37CCFC} = {A2DFC5AE-3A65-4723-9B32-5FD5B2586606}
		{C9C8420E-6A1F-4B9D-BB38-291D6F7E0467} = {A2DFC5AE-3A65-4723-9B32-5FD5B2586606}
		{D372FDD0-C172-4486-B8BE-1BCF33DBAFF9} = {A2DFC5AE-3A65-4723-9B32-5FD5B2586606}
		{866489F8-7CFA-40CD-9BF7-4990FC97D383} = {A2DFC5AE-3A65-4723-9B32-5FD5B2586606}
		{C432ACAE-0393-4756-AD72-155FAE0C974D} = {92982777-8F88-4ACC-BD01-D1AA051E0190}
	EndGlobalSection
EndGlobal
