
Microsoft Visual Studio Solution File, Format Version 12.00
# Visual Studio 14
VisualStudioVersion = 14.0.25123.0
MinimumVisualStudioVersion = 10.0.40219.1
Project("{2150E333-8FDC-42A3-9474-1A3956D46DE8}") = "Examples", "Examples", "{E19861BB-3F4A-4FFB-9AD7-452DFBEBEED0}"
EndProject
Project("{2150E333-8FDC-42A3-9474-1A3956D46DE8}") = "Tests", "Tests", "{31F7A647-6A65-4692-804D-4A8EA10B6E94}"
EndProject
Project("{2150E333-8FDC-42A3-9474-1A3956D46DE8}") = "Integrations", "Integrations", "{DB63BF6C-E9C3-4777-9F83-258AF50EC58D}"
EndProject
Project("{2150E333-8FDC-42A3-9474-1A3956D46DE8}") = "Watchers", "Watchers", "{01B1C35B-4DC0-402B-A17B-CC278CB06913}"
EndProject
Project("{8BB2217D-0F2D-49D1-97BC-3654ED321F3B}") = "Warden", "Warden\Warden.xproj", "{B98EAA8E-1CA3-4F61-9ECC-52047E1759CF}"
EndProject
Project("{8BB2217D-0F2D-49D1-97BC-3654ED321F3B}") = "Warden.Watchers.Web", "Watchers\Warden.Watchers.Web\Warden.Watchers.Web.xproj", "{5251958C-6A0C-4B14-B41B-B66409A151B5}"
EndProject
Project("{2150E333-8FDC-42A3-9474-1A3956D46DE8}") = "Solution Items", "Solution Items", "{D30DA262-9AE2-4C01-93E6-2C29DD3C25C7}"
	ProjectSection(SolutionItems) = preProject
		global.json = global.json
	EndProjectSection
EndProject
Project("{8BB2217D-0F2D-49D1-97BC-3654ED321F3B}") = "Warden.Examples.Console", "Examples\Warden.Examples.Console\Warden.Examples.Console.xproj", "{7E6BE198-D6CD-4CA4-B3BA-7B8FD81FADA1}"
EndProject
Project("{8BB2217D-0F2D-49D1-97BC-3654ED321F3B}") = "Warden.Watchers.MongoDb", "Watchers\Warden.Watchers.MongoDb\Warden.Watchers.MongoDb.xproj", "{CF59DAE7-3F6D-4795-8BA8-296FAA0ECC76}"
EndProject
Project("{8BB2217D-0F2D-49D1-97BC-3654ED321F3B}") = "Warden.Watchers.MsSql", "Watchers\Warden.Watchers.MsSql\Warden.Watchers.MsSql.xproj", "{345C0FCC-8D10-423E-B50F-AC3C2794B265}"
EndProject
Project("{8BB2217D-0F2D-49D1-97BC-3654ED321F3B}") = "Warden.Watchers.Redis", "Watchers\Warden.Watchers.Redis\Warden.Watchers.Redis.xproj", "{56BCC5AF-7E4A-4DEF-AB68-EB220C8F2FA4}"
EndProject
Project("{8BB2217D-0F2D-49D1-97BC-3654ED321F3B}") = "Warden.Watchers.Performance", "Watchers\Warden.Watchers.Performance\Warden.Watchers.Performance.xproj", "{B0914764-2190-47BD-B3D5-8C1D324D360E}"
EndProject
Project("{8BB2217D-0F2D-49D1-97BC-3654ED321F3B}") = "Warden.Watchers.Disk", "Watchers\Warden.Watchers.Disk\Warden.Watchers.Disk.xproj", "{774E4A5C-835B-4E79-8514-F512D32DA2D7}"
EndProject
Project("{8BB2217D-0F2D-49D1-97BC-3654ED321F3B}") = "Warden.Integrations.SendGrid", "Integrations\Warden.Integrations.SendGrid\Warden.Integrations.SendGrid.xproj", "{0ACC2E25-F24D-4196-A69C-6CAFEF93E32C}"
EndProject
Project("{8BB2217D-0F2D-49D1-97BC-3654ED321F3B}") = "Warden.Examples.WindowsService", "Examples\Warden.Examples.WindowsService\Warden.Examples.WindowsService.xproj", "{0E55EEC7-2B49-436E-8207-4E50BDB4112A}"
EndProject
Project("{8BB2217D-0F2D-49D1-97BC-3654ED321F3B}") = "Warden.Tests", "Tests\Warden.Tests\Warden.Tests.xproj", "{56222D25-9BAB-459B-870C-BCD24D4841A6}"
EndProject
Project("{8BB2217D-0F2D-49D1-97BC-3654ED321F3B}") = "Warden.Tests.EndToEnd", "Tests\Warden.Tests.EndToEnd\Warden.Tests.EndToEnd.xproj", "{273F698A-09D5-4A4C-B7CD-D7A9509AA53E}"
EndProject
Project("{8BB2217D-0F2D-49D1-97BC-3654ED321F3B}") = "Warden.Integrations.HttpApi", "Integrations\Warden.Integrations.HttpApi\Warden.Integrations.HttpApi.xproj", "{6C99AEF7-64BB-4B76-9F43-91E2942E1455}"
EndProject
Project("{2150E333-8FDC-42A3-9474-1A3956D46DE8}") = "Web", "Web", "{78FDC1DA-DDD5-4756-B377-23CD93AB62E0}"
EndProject
Project("{8BB2217D-0F2D-49D1-97BC-3654ED321F3B}") = "Warden.Web", "Web\Warden.Web\Warden.Web.xproj", "{F2995E4F-67C8-40C3-BB01-0B4315E554F2}"
EndProject
Project("{8BB2217D-0F2D-49D1-97BC-3654ED321F3B}") = "Warden.Web.Core", "Web\Warden.Web.Core\Warden.Web.Core.xproj", "{B2F4058C-E459-492E-B40F-1BB92C63CC95}"
EndProject
Project("{8BB2217D-0F2D-49D1-97BC-3654ED321F3B}") = "Warden.Integrations.Twilio", "Integrations\Warden.Integrations.Twilio\Warden.Integrations.Twilio.xproj", "{75173643-6FA8-4DCA-B1BF-3360CC58AC35}"
EndProject
Project("{8BB2217D-0F2D-49D1-97BC-3654ED321F3B}") = "Warden.Watchers.Process", "Watchers\Warden.Watchers.Process\Warden.Watchers.Process.xproj", "{E66F4313-6747-4201-B49C-3093031CFB7C}"
EndProject
Global
	GlobalSection(SolutionConfigurationPlatforms) = preSolution
		Debug|Any CPU = Debug|Any CPU
		Release|Any CPU = Release|Any CPU
	EndGlobalSection
	GlobalSection(ProjectConfigurationPlatforms) = postSolution
		{B98EAA8E-1CA3-4F61-9ECC-52047E1759CF}.Debug|Any CPU.ActiveCfg = Debug|Any CPU
		{B98EAA8E-1CA3-4F61-9ECC-52047E1759CF}.Debug|Any CPU.Build.0 = Debug|Any CPU
		{B98EAA8E-1CA3-4F61-9ECC-52047E1759CF}.Release|Any CPU.ActiveCfg = Release|Any CPU
		{B98EAA8E-1CA3-4F61-9ECC-52047E1759CF}.Release|Any CPU.Build.0 = Release|Any CPU
		{5251958C-6A0C-4B14-B41B-B66409A151B5}.Debug|Any CPU.ActiveCfg = Debug|Any CPU
		{5251958C-6A0C-4B14-B41B-B66409A151B5}.Debug|Any CPU.Build.0 = Debug|Any CPU
		{5251958C-6A0C-4B14-B41B-B66409A151B5}.Release|Any CPU.ActiveCfg = Release|Any CPU
		{5251958C-6A0C-4B14-B41B-B66409A151B5}.Release|Any CPU.Build.0 = Release|Any CPU
		{7E6BE198-D6CD-4CA4-B3BA-7B8FD81FADA1}.Debug|Any CPU.ActiveCfg = Debug|Any CPU
		{7E6BE198-D6CD-4CA4-B3BA-7B8FD81FADA1}.Debug|Any CPU.Build.0 = Debug|Any CPU
		{7E6BE198-D6CD-4CA4-B3BA-7B8FD81FADA1}.Release|Any CPU.ActiveCfg = Release|Any CPU
		{7E6BE198-D6CD-4CA4-B3BA-7B8FD81FADA1}.Release|Any CPU.Build.0 = Release|Any CPU
		{CF59DAE7-3F6D-4795-8BA8-296FAA0ECC76}.Debug|Any CPU.ActiveCfg = Debug|Any CPU
		{CF59DAE7-3F6D-4795-8BA8-296FAA0ECC76}.Debug|Any CPU.Build.0 = Debug|Any CPU
		{CF59DAE7-3F6D-4795-8BA8-296FAA0ECC76}.Release|Any CPU.ActiveCfg = Release|Any CPU
		{CF59DAE7-3F6D-4795-8BA8-296FAA0ECC76}.Release|Any CPU.Build.0 = Release|Any CPU
		{345C0FCC-8D10-423E-B50F-AC3C2794B265}.Debug|Any CPU.ActiveCfg = Debug|Any CPU
		{345C0FCC-8D10-423E-B50F-AC3C2794B265}.Debug|Any CPU.Build.0 = Debug|Any CPU
		{345C0FCC-8D10-423E-B50F-AC3C2794B265}.Release|Any CPU.ActiveCfg = Release|Any CPU
		{345C0FCC-8D10-423E-B50F-AC3C2794B265}.Release|Any CPU.Build.0 = Release|Any CPU
		{56BCC5AF-7E4A-4DEF-AB68-EB220C8F2FA4}.Debug|Any CPU.ActiveCfg = Debug|Any CPU
		{56BCC5AF-7E4A-4DEF-AB68-EB220C8F2FA4}.Debug|Any CPU.Build.0 = Debug|Any CPU
		{56BCC5AF-7E4A-4DEF-AB68-EB220C8F2FA4}.Release|Any CPU.ActiveCfg = Release|Any CPU
		{56BCC5AF-7E4A-4DEF-AB68-EB220C8F2FA4}.Release|Any CPU.Build.0 = Release|Any CPU
		{B0914764-2190-47BD-B3D5-8C1D324D360E}.Debug|Any CPU.ActiveCfg = Debug|Any CPU
		{B0914764-2190-47BD-B3D5-8C1D324D360E}.Debug|Any CPU.Build.0 = Debug|Any CPU
		{B0914764-2190-47BD-B3D5-8C1D324D360E}.Release|Any CPU.ActiveCfg = Release|Any CPU
		{B0914764-2190-47BD-B3D5-8C1D324D360E}.Release|Any CPU.Build.0 = Release|Any CPU
		{774E4A5C-835B-4E79-8514-F512D32DA2D7}.Debug|Any CPU.ActiveCfg = Debug|Any CPU
		{774E4A5C-835B-4E79-8514-F512D32DA2D7}.Debug|Any CPU.Build.0 = Debug|Any CPU
		{774E4A5C-835B-4E79-8514-F512D32DA2D7}.Release|Any CPU.ActiveCfg = Release|Any CPU
		{774E4A5C-835B-4E79-8514-F512D32DA2D7}.Release|Any CPU.Build.0 = Release|Any CPU
		{0ACC2E25-F24D-4196-A69C-6CAFEF93E32C}.Debug|Any CPU.ActiveCfg = Debug|Any CPU
		{0ACC2E25-F24D-4196-A69C-6CAFEF93E32C}.Debug|Any CPU.Build.0 = Debug|Any CPU
		{0ACC2E25-F24D-4196-A69C-6CAFEF93E32C}.Release|Any CPU.ActiveCfg = Release|Any CPU
		{0ACC2E25-F24D-4196-A69C-6CAFEF93E32C}.Release|Any CPU.Build.0 = Release|Any CPU
		{0E55EEC7-2B49-436E-8207-4E50BDB4112A}.Debug|Any CPU.ActiveCfg = Debug|Any CPU
		{0E55EEC7-2B49-436E-8207-4E50BDB4112A}.Debug|Any CPU.Build.0 = Debug|Any CPU
		{0E55EEC7-2B49-436E-8207-4E50BDB4112A}.Release|Any CPU.ActiveCfg = Release|Any CPU
		{0E55EEC7-2B49-436E-8207-4E50BDB4112A}.Release|Any CPU.Build.0 = Release|Any CPU
		{56222D25-9BAB-459B-870C-BCD24D4841A6}.Debug|Any CPU.ActiveCfg = Debug|Any CPU
		{56222D25-9BAB-459B-870C-BCD24D4841A6}.Debug|Any CPU.Build.0 = Debug|Any CPU
		{56222D25-9BAB-459B-870C-BCD24D4841A6}.Release|Any CPU.ActiveCfg = Release|Any CPU
		{56222D25-9BAB-459B-870C-BCD24D4841A6}.Release|Any CPU.Build.0 = Release|Any CPU
		{273F698A-09D5-4A4C-B7CD-D7A9509AA53E}.Debug|Any CPU.ActiveCfg = Debug|Any CPU
		{273F698A-09D5-4A4C-B7CD-D7A9509AA53E}.Debug|Any CPU.Build.0 = Debug|Any CPU
		{273F698A-09D5-4A4C-B7CD-D7A9509AA53E}.Release|Any CPU.ActiveCfg = Release|Any CPU
		{273F698A-09D5-4A4C-B7CD-D7A9509AA53E}.Release|Any CPU.Build.0 = Release|Any CPU
		{6C99AEF7-64BB-4B76-9F43-91E2942E1455}.Debug|Any CPU.ActiveCfg = Debug|Any CPU
		{6C99AEF7-64BB-4B76-9F43-91E2942E1455}.Debug|Any CPU.Build.0 = Debug|Any CPU
		{6C99AEF7-64BB-4B76-9F43-91E2942E1455}.Release|Any CPU.ActiveCfg = Release|Any CPU
		{6C99AEF7-64BB-4B76-9F43-91E2942E1455}.Release|Any CPU.Build.0 = Release|Any CPU
		{F2995E4F-67C8-40C3-BB01-0B4315E554F2}.Debug|Any CPU.ActiveCfg = Debug|Any CPU
		{F2995E4F-67C8-40C3-BB01-0B4315E554F2}.Debug|Any CPU.Build.0 = Debug|Any CPU
		{F2995E4F-67C8-40C3-BB01-0B4315E554F2}.Release|Any CPU.ActiveCfg = Release|Any CPU
		{F2995E4F-67C8-40C3-BB01-0B4315E554F2}.Release|Any CPU.Build.0 = Release|Any CPU
		{B2F4058C-E459-492E-B40F-1BB92C63CC95}.Debug|Any CPU.ActiveCfg = Debug|Any CPU
		{B2F4058C-E459-492E-B40F-1BB92C63CC95}.Debug|Any CPU.Build.0 = Debug|Any CPU
		{B2F4058C-E459-492E-B40F-1BB92C63CC95}.Release|Any CPU.ActiveCfg = Release|Any CPU
		{B2F4058C-E459-492E-B40F-1BB92C63CC95}.Release|Any CPU.Build.0 = Release|Any CPU
		{75173643-6FA8-4DCA-B1BF-3360CC58AC35}.Debug|Any CPU.ActiveCfg = Debug|Any CPU
		{75173643-6FA8-4DCA-B1BF-3360CC58AC35}.Debug|Any CPU.Build.0 = Debug|Any CPU
		{75173643-6FA8-4DCA-B1BF-3360CC58AC35}.Release|Any CPU.ActiveCfg = Release|Any CPU
		{75173643-6FA8-4DCA-B1BF-3360CC58AC35}.Release|Any CPU.Build.0 = Release|Any CPU
		{E66F4313-6747-4201-B49C-3093031CFB7C}.Debug|Any CPU.ActiveCfg = Debug|Any CPU
		{E66F4313-6747-4201-B49C-3093031CFB7C}.Debug|Any CPU.Build.0 = Debug|Any CPU
		{E66F4313-6747-4201-B49C-3093031CFB7C}.Release|Any CPU.ActiveCfg = Release|Any CPU
		{E66F4313-6747-4201-B49C-3093031CFB7C}.Release|Any CPU.Build.0 = Release|Any CPU
	EndGlobalSection
	GlobalSection(SolutionProperties) = preSolution
		HideSolutionNode = FALSE
	EndGlobalSection
	GlobalSection(NestedProjects) = preSolution
		{5251958C-6A0C-4B14-B41B-B66409A151B5} = {01B1C35B-4DC0-402B-A17B-CC278CB06913}
		{7E6BE198-D6CD-4CA4-B3BA-7B8FD81FADA1} = {E19861BB-3F4A-4FFB-9AD7-452DFBEBEED0}
		{CF59DAE7-3F6D-4795-8BA8-296FAA0ECC76} = {01B1C35B-4DC0-402B-A17B-CC278CB06913}
		{345C0FCC-8D10-423E-B50F-AC3C2794B265} = {01B1C35B-4DC0-402B-A17B-CC278CB06913}
		{56BCC5AF-7E4A-4DEF-AB68-EB220C8F2FA4} = {01B1C35B-4DC0-402B-A17B-CC278CB06913}
		{B0914764-2190-47BD-B3D5-8C1D324D360E} = {01B1C35B-4DC0-402B-A17B-CC278CB06913}
		{774E4A5C-835B-4E79-8514-F512D32DA2D7} = {01B1C35B-4DC0-402B-A17B-CC278CB06913}
		{0ACC2E25-F24D-4196-A69C-6CAFEF93E32C} = {DB63BF6C-E9C3-4777-9F83-258AF50EC58D}
		{0E55EEC7-2B49-436E-8207-4E50BDB4112A} = {E19861BB-3F4A-4FFB-9AD7-452DFBEBEED0}
		{56222D25-9BAB-459B-870C-BCD24D4841A6} = {31F7A647-6A65-4692-804D-4A8EA10B6E94}
		{273F698A-09D5-4A4C-B7CD-D7A9509AA53E} = {31F7A647-6A65-4692-804D-4A8EA10B6E94}
		{6C99AEF7-64BB-4B76-9F43-91E2942E1455} = {DB63BF6C-E9C3-4777-9F83-258AF50EC58D}
		{F2995E4F-67C8-40C3-BB01-0B4315E554F2} = {78FDC1DA-DDD5-4756-B377-23CD93AB62E0}
		{B2F4058C-E459-492E-B40F-1BB92C63CC95} = {78FDC1DA-DDD5-4756-B377-23CD93AB62E0}
		{75173643-6FA8-4DCA-B1BF-3360CC58AC35} = {DB63BF6C-E9C3-4777-9F83-258AF50EC58D}
		{E66F4313-6747-4201-B49C-3093031CFB7C} = {01B1C35B-4DC0-402B-A17B-CC278CB06913}
	EndGlobalSection
EndGlobal
